// !$*UTF8*$!
{
	archiveVersion = 1;
	classes = {
	};
	objectVersion = 50;
	objects = {

/* Begin PBXBuildFile section */
		AC3A389C2525FF3500995268 /* AppDelegate.swift in Sources */ = {isa = PBXBuildFile; fileRef = AC3A389B2525FF3500995268 /* AppDelegate.swift */; };
		AC3A389E2525FF3600995268 /* SceneDelegate.swift in Sources */ = {isa = PBXBuildFile; fileRef = AC3A389D2525FF3600995268 /* SceneDelegate.swift */; };
		AC3A38A02525FF3600995268 /* ViewController.swift in Sources */ = {isa = PBXBuildFile; fileRef = AC3A389F2525FF3600995268 /* ViewController.swift */; };
		AC3A38A32525FF3600995268 /* Main.storyboard in Resources */ = {isa = PBXBuildFile; fileRef = AC3A38A12525FF3600995268 /* Main.storyboard */; };
		AC3A38A62525FF3600995268 /* Trivia.xcdatamodeld in Sources */ = {isa = PBXBuildFile; fileRef = AC3A38A42525FF3600995268 /* Trivia.xcdatamodeld */; };
		AC3A38A82525FF4000995268 /* Assets.xcassets in Resources */ = {isa = PBXBuildFile; fileRef = AC3A38A72525FF4000995268 /* Assets.xcassets */; };
		AC3A38AB2525FF4000995268 /* LaunchScreen.storyboard in Resources */ = {isa = PBXBuildFile; fileRef = AC3A38A92525FF4000995268 /* LaunchScreen.storyboard */; };
		AC3A38B32526110000995268 /* QuestOneController.swift in Sources */ = {isa = PBXBuildFile; fileRef = AC3A38B22526110000995268 /* QuestOneController.swift */; };
		AC3A38B52526111800995268 /* QuestTwoController.swift in Sources */ = {isa = PBXBuildFile; fileRef = AC3A38B42526111800995268 /* QuestTwoController.swift */; };
		AC3A38B72526113300995268 /* SummaryController.swift in Sources */ = {isa = PBXBuildFile; fileRef = AC3A38B62526113300995268 /* SummaryController.swift */; };
		AC3A38B92526468F00995268 /* HistoryController.swift in Sources */ = {isa = PBXBuildFile; fileRef = AC3A38B82526468F00995268 /* HistoryController.swift */; };
		AC3A38BB25264BEE00995268 /* HistoryCell.swift in Sources */ = {isa = PBXBuildFile; fileRef = AC3A38BA25264BEE00995268 /* HistoryCell.swift */; };
/* End PBXBuildFile section */

/* Begin PBXFileReference section */
		AC3A38982525FF3500995268 /* Trivia App.app */ = {isa = PBXFileReference; explicitFileType = wrapper.application; includeInIndex = 0; path = "Trivia App.app"; sourceTree = BUILT_PRODUCTS_DIR; };
		AC3A389B2525FF3500995268 /* AppDelegate.swift */ = {isa = PBXFileReference; lastKnownFileType = sourcecode.swift; path = AppDelegate.swift; sourceTree = "<group>"; };
		AC3A389D2525FF3600995268 /* SceneDelegate.swift */ = {isa = PBXFileReference; lastKnownFileType = sourcecode.swift; path = SceneDelegate.swift; sourceTree = "<group>"; };
		AC3A389F2525FF3600995268 /* ViewController.swift */ = {isa = PBXFileReference; lastKnownFileType = sourcecode.swift; path = ViewController.swift; sourceTree = "<group>"; };
		AC3A38A22525FF3600995268 /* Base */ = {isa = PBXFileReference; lastKnownFileType = file.storyboard; name = Base; path = Base.lproj/Main.storyboard; sourceTree = "<group>"; };
		AC3A38A52525FF3600995268 /* Trivia.xcdatamodel */ = {isa = PBXFileReference; lastKnownFileType = wrapper.xcdatamodel; path = Trivia.xcdatamodel; sourceTree = "<group>"; };
		AC3A38A72525FF4000995268 /* Assets.xcassets */ = {isa = PBXFileReference; lastKnownFileType = folder.assetcatalog; path = Assets.xcassets; sourceTree = "<group>"; };
		AC3A38AA2525FF4000995268 /* Base */ = {isa = PBXFileReference; lastKnownFileType = file.storyboard; name = Base; path = Base.lproj/LaunchScreen.storyboard; sourceTree = "<group>"; };
		AC3A38AC2525FF4000995268 /* Info.plist */ = {isa = PBXFileReference; lastKnownFileType = text.plist.xml; path = Info.plist; sourceTree = "<group>"; };
		AC3A38B22526110000995268 /* QuestOneController.swift */ = {isa = PBXFileReference; lastKnownFileType = sourcecode.swift; path = QuestOneController.swift; sourceTree = "<group>"; };
		AC3A38B42526111800995268 /* QuestTwoController.swift */ = {isa = PBXFileReference; lastKnownFileType = sourcecode.swift; path = QuestTwoController.swift; sourceTree = "<group>"; };
		AC3A38B62526113300995268 /* SummaryController.swift */ = {isa = PBXFileReference; lastKnownFileType = sourcecode.swift; path = SummaryController.swift; sourceTree = "<group>"; };
		AC3A38B82526468F00995268 /* HistoryController.swift */ = {isa = PBXFileReference; lastKnownFileType = sourcecode.swift; path = HistoryController.swift; sourceTree = "<group>"; };
		AC3A38BA25264BEE00995268 /* HistoryCell.swift */ = {isa = PBXFileReference; lastKnownFileType = sourcecode.swift; path = HistoryCell.swift; sourceTree = "<group>"; };
/* End PBXFileReference section */

/* Begin PBXFrameworksBuildPhase section */
		AC3A38952525FF3500995268 /* Frameworks */ = {
			isa = PBXFrameworksBuildPhase;
			buildActionMask = 2147483647;
			files = (
			);
			runOnlyForDeploymentPostprocessing = 0;
		};
/* End PBXFrameworksBuildPhase section */

/* Begin PBXGroup section */
		AC3A388F2525FF3500995268 = {
			isa = PBXGroup;
			children = (
				AC3A389A2525FF3500995268 /* Trivia */,
				AC3A38992525FF3500995268 /* Products */,
			);
			sourceTree = "<group>";
		};
		AC3A38992525FF3500995268 /* Products */ = {
			isa = PBXGroup;
			children = (
				AC3A38982525FF3500995268 /* Trivia App.app */,
			);
			name = Products;
			sourceTree = "<group>";
		};
		AC3A389A2525FF3500995268 /* Trivia */ = {
			isa = PBXGroup;
			children = (
				AC3A389B2525FF3500995268 /* AppDelegate.swift */,
				AC3A389D2525FF3600995268 /* SceneDelegate.swift */,
				AC3A389F2525FF3600995268 /* ViewController.swift */,
				AC3A38B22526110000995268 /* QuestOneController.swift */,
				AC3A38B42526111800995268 /* QuestTwoController.swift */,
				AC3A38B62526113300995268 /* SummaryController.swift */,
				AC3A38B82526468F00995268 /* HistoryController.swift */,
				AC3A38BA25264BEE00995268 /* HistoryCell.swift */,
				AC3A38A12525FF3600995268 /* Main.storyboard */,
				AC3A38A72525FF4000995268 /* Assets.xcassets */,
				AC3A38A92525FF4000995268 /* LaunchScreen.storyboard */,
				AC3A38AC2525FF4000995268 /* Info.plist */,
				AC3A38A42525FF3600995268 /* Trivia.xcdatamodeld */,
			);
			path = Trivia;
			sourceTree = "<group>";
		};
/* End PBXGroup section */

/* Begin PBXNativeTarget section */
		AC3A38972525FF3500995268 /* Trivia */ = {
			isa = PBXNativeTarget;
			buildConfigurationList = AC3A38AF2525FF4000995268 /* Build configuration list for PBXNativeTarget "Trivia" */;
			buildPhases = (
				AC3A38942525FF3500995268 /* Sources */,
				AC3A38952525FF3500995268 /* Frameworks */,
				AC3A38962525FF3500995268 /* Resources */,
			);
			buildRules = (
			);
			dependencies = (
			);
			name = Trivia;
			productName = Trivia;
			productReference = AC3A38982525FF3500995268 /* Trivia App.app */;
			productType = "com.apple.product-type.application";
		};
/* End PBXNativeTarget section */

/* Begin PBXProject section */
		AC3A38902525FF3500995268 /* Project object */ = {
			isa = PBXProject;
			attributes = {
				LastSwiftUpdateCheck = 1150;
				LastUpgradeCheck = 1150;
				ORGANIZATIONNAME = sham;
				TargetAttributes = {
					AC3A38972525FF3500995268 = {
						CreatedOnToolsVersion = 11.5;
					};
				};
			};
			buildConfigurationList = AC3A38932525FF3500995268 /* Build configuration list for PBXProject "Trivia" */;
			compatibilityVersion = "Xcode 9.3";
			developmentRegion = en;
			hasScannedForEncodings = 0;
			knownRegions = (
				en,
				Base,
			);
			mainGroup = AC3A388F2525FF3500995268;
			productRefGroup = AC3A38992525FF3500995268 /* Products */;
			projectDirPath = "";
			projectRoot = "";
			targets = (
				AC3A38972525FF3500995268 /* Trivia */,
			);
		};
/* End PBXProject section */

/* Begin PBXResourcesBuildPhase section */
		AC3A38962525FF3500995268 /* Resources */ = {
			isa = PBXResourcesBuildPhase;
			buildActionMask = 2147483647;
			files = (
				AC3A38AB2525FF4000995268 /* LaunchScreen.storyboard in Resources */,
				AC3A38A82525FF4000995268 /* Assets.xcassets in Resources */,
				AC3A38A32525FF3600995268 /* Main.storyboard in Resources */,
			);
			runOnlyForDeploymentPostprocessing = 0;
		};
/* End PBXResourcesBuildPhase section */

/* Begin PBXSourcesBuildPhase section */
		AC3A38942525FF3500995268 /* Sources */ = {
			isa = PBXSourcesBuildPhase;
			buildActionMask = 2147483647;
			files = (
				AC3A38B92526468F00995268 /* HistoryController.swift in Sources */,
				AC3A38A02525FF3600995268 /* ViewController.swift in Sources */,
				AC3A38B52526111800995268 /* QuestTwoController.swift in Sources */,
				AC3A38BB25264BEE00995268 /* HistoryCell.swift in Sources */,
				AC3A38B72526113300995268 /* SummaryController.swift in Sources */,
				AC3A389C2525FF3500995268 /* AppDelegate.swift in Sources */,
				AC3A38A62525FF3600995268 /* Trivia.xcdatamodeld in Sources */,
				AC3A38B32526110000995268 /* QuestOneController.swift in Sources */,
				AC3A389E2525FF3600995268 /* SceneDelegate.swift in Sources */,
			);
			runOnlyForDeploymentPostprocessing = 0;
		};
/* End PBXSourcesBuildPhase section */

/* Begin PBXVariantGroup section */
		AC3A38A12525FF3600995268 /* Main.storyboard */ = {
			isa = PBXVariantGroup;
			children = (
				AC3A38A22525FF3600995268 /* Base */,
			);
			name = Main.storyboard;
			sourceTree = "<group>";
		};
		AC3A38A92525FF4000995268 /* LaunchScreen.storyboard */ = {
			isa = PBXVariantGroup;
			children = (
				AC3A38AA2525FF4000995268 /* Base */,
			);
			name = LaunchScreen.storyboard;
			sourceTree = "<group>";
		};
/* End PBXVariantGroup section */

/* Begin XCBuildConfiguration section */
		AC3A38AD2525FF4000995268 /* Debug */ = {
			isa = XCBuildConfiguration;
			buildSettings = {
				ALWAYS_SEARCH_USER_PATHS = NO;
				CLANG_ANALYZER_NONNULL = YES;
				CLANG_ANALYZER_NUMBER_OBJECT_CONVERSION = YES_AGGRESSIVE;
				CLANG_CXX_LANGUAGE_STANDARD = "gnu++14";
				CLANG_CXX_LIBRARY = "libc++";
				CLANG_ENABLE_MODULES = YES;
				CLANG_ENABLE_OBJC_ARC = YES;
				CLANG_ENABLE_OBJC_WEAK = YES;
				CLANG_WARN_BLOCK_CAPTURE_AUTORELEASING = YES;
				CLANG_WARN_BOOL_CONVERSION = YES;
				CLANG_WARN_COMMA = YES;
				CLANG_WARN_CONSTANT_CONVERSION = YES;
				CLANG_WARN_DEPRECATED_OBJC_IMPLEMENTATIONS = YES;
				CLANG_WARN_DIRECT_OBJC_ISA_USAGE = YES_ERROR;
				CLANG_WARN_DOCUMENTATION_COMMENTS = YES;
				CLANG_WARN_EMPTY_BODY = YES;
				CLANG_WARN_ENUM_CONVERSION = YES;
				CLANG_WARN_INFINITE_RECURSION = YES;
				CLANG_WARN_INT_CONVERSION = YES;
				CLANG_WARN_NON_LITERAL_NULL_CONVERSION = YES;
				CLANG_WARN_OBJC_IMPLICIT_RETAIN_SELF = YES;
				CLANG_WARN_OBJC_LITERAL_CONVERSION = YES;
				CLANG_WARN_OBJC_ROOT_CLASS = YES_ERROR;
				CLANG_WARN_RANGE_LOOP_ANALYSIS = YES;
				CLANG_WARN_STRICT_PROTOTYPES = YES;
				CLANG_WARN_SUSPICIOUS_MOVE = YES;
				CLANG_WARN_UNGUARDED_AVAILABILITY = YES_AGGRESSIVE;
				CLANG_WARN_UNREACHABLE_CODE = YES;
				CLANG_WARN__DUPLICATE_METHOD_MATCH = YES;
				COPY_PHASE_STRIP = NO;
				DEBUG_INFORMATION_FORMAT = dwarf;
				ENABLE_STRICT_OBJC_MSGSEND = YES;
				ENABLE_TESTABILITY = YES;
				GCC_C_LANGUAGE_STANDARD = gnu11;
				GCC_DYNAMIC_NO_PIC = NO;
				GCC_NO_COMMON_BLOCKS = YES;
				GCC_OPTIMIZATION_LEVEL = 0;
				GCC_PREPROCESSOR_DEFINITIONS = (
					"DEBUG=1",
					"$(inherited)",
				);
				GCC_WARN_64_TO_32_BIT_CONVERSION = YES;
				GCC_WARN_ABOUT_RETURN_TYPE = YES_ERROR;
				GCC_WARN_UNDECLARED_SELECTOR = YES;
				GCC_WARN_UNINITIALIZED_AUTOS = YES_AGGRESSIVE;
				GCC_WARN_UNUSED_FUNCTION = YES;
				GCC_WARN_UNUSED_VARIABLE = YES;
				IPHONEOS_DEPLOYMENT_TARGET = 13.5;
				MTL_ENABLE_DEBUG_INFO = INCLUDE_SOURCE;
				MTL_FAST_MATH = YES;
				ONLY_ACTIVE_ARCH = YES;
				SDKROOT = iphoneos;
				SWIFT_ACTIVE_COMPILATION_CONDITIONS = DEBUG;
				SWIFT_OPTIMIZATION_LEVEL = "-Onone";
			};
			name = Debug;
		};
		AC3A38AE2525FF4000995268 /* Release */ = {
			isa = XCBuildConfiguration;
			buildSettings = {
				ALWAYS_SEARCH_USER_PATHS = NO;
				CLANG_ANALYZER_NONNULL = YES;
				CLANG_ANALYZER_NUMBER_OBJECT_CONVERSION = YES_AGGRESSIVE;
				CLANG_CXX_LANGUAGE_STANDARD = "gnu++14";
				CLANG_CXX_LIBRARY = "libc++";
				CLANG_ENABLE_MODULES = YES;
				CLANG_ENABLE_OBJC_ARC = YES;
				CLANG_ENABLE_OBJC_WEAK = YES;
				CLANG_WARN_BLOCK_CAPTURE_AUTORELEASING = YES;
				CLANG_WARN_BOOL_CONVERSION = YES;
				CLANG_WARN_COMMA = YES;
				CLANG_WARN_CONSTANT_CONVERSION = YES;
				CLANG_WARN_DEPRECATED_OBJC_IMPLEMENTATIONS = YES;
				CLANG_WARN_DIRECT_OBJC_ISA_USAGE = YES_ERROR;
				CLANG_WARN_DOCUMENTATION_COMMENTS = YES;
				CLANG_WARN_EMPTY_BODY = YES;
				CLANG_WARN_ENUM_CONVERSION = YES;
				CLANG_WARN_INFINITE_RECURSION = YES;
				CLANG_WARN_INT_CONVERSION = YES;
				CLANG_WARN_NON_LITERAL_NULL_CONVERSION = YES;
				CLANG_WARN_OBJC_IMPLICIT_RETAIN_SELF = YES;
				CLANG_WARN_OBJC_LITERAL_CONVERSION = YES;
				CLANG_WARN_OBJC_ROOT_CLASS = YES_ERROR;
				CLANG_WARN_RANGE_LOOP_ANALYSIS = YES;
				CLANG_WARN_STRICT_PROTOTYPES = YES;
				CLANG_WARN_SUSPICIOUS_MOVE = YES;
				CLANG_WARN_UNGUARDED_AVAILABILITY = YES_AGGRESSIVE;
				CLANG_WARN_UNREACHABLE_CODE = YES;
				CLANG_WARN__DUPLICATE_METHOD_MATCH = YES;
				COPY_PHASE_STRIP = NO;
				DEBUG_INFORMATION_FORMAT = "dwarf-with-dsym";
				ENABLE_NS_ASSERTIONS = NO;
				ENABLE_STRICT_OBJC_MSGSEND = YES;
				GCC_C_LANGUAGE_STANDARD = gnu11;
				GCC_NO_COMMON_BLOCKS = YES;
				GCC_WARN_64_TO_32_BIT_CONVERSION = YES;
				GCC_WARN_ABOUT_RETURN_TYPE = YES_ERROR;
				GCC_WARN_UNDECLARED_SELECTOR = YES;
				GCC_WARN_UNINITIALIZED_AUTOS = YES_AGGRESSIVE;
				GCC_WARN_UNUSED_FUNCTION = YES;
				GCC_WARN_UNUSED_VARIABLE = YES;
				IPHONEOS_DEPLOYMENT_TARGET = 13.5;
				MTL_ENABLE_DEBUG_INFO = NO;
				MTL_FAST_MATH = YES;
				SDKROOT = iphoneos;
				SWIFT_COMPILATION_MODE = wholemodule;
				SWIFT_OPTIMIZATION_LEVEL = "-O";
				VALIDATE_PRODUCT = YES;
			};
			name = Release;
		};
		AC3A38B02525FF4000995268 /* Debug */ = {
			isa = XCBuildConfiguration;
			buildSettings = {
				ASSETCATALOG_COMPILER_APPICON_NAME = AppIcon;
				CODE_SIGN_STYLE = Automatic;
				DEVELOPMENT_TEAM = GRQRUVU45B;
				INFOPLIST_FILE = Trivia/Info.plist;
				IPHONEOS_DEPLOYMENT_TARGET = 13.0;
				LD_RUNPATH_SEARCH_PATHS = (
					"$(inherited)",
					"@executable_path/Frameworks",
				);
				PRODUCT_BUNDLE_IDENTIFIER = com.sham.Trivia;
				PRODUCT_NAME = "Trivia App";
				SWIFT_VERSION = 5.0;
				TARGETED_DEVICE_FAMILY = 1;
			};
			name = Debug;
		};
		AC3A38B12525FF4000995268 /* Release */ = {
			isa = XCBuildConfiguration;
			buildSettings = {
				ASSETCATALOG_COMPILER_APPICON_NAME = AppIcon;
				CODE_SIGN_STYLE = Automatic;
				DEVELOPMENT_TEAM = GRQRUVU45B;
				INFOPLIST_FILE = Trivia/Info.plist;
				IPHONEOS_DEPLOYMENT_TARGET = 13.0;
				LD_RUNPATH_SEARCH_PATHS = (
					"$(inherited)",
					"@executable_path/Frameworks",
				);
				PRODUCT_BUNDLE_IDENTIFIER = com.sham.Trivia;
				PRODUCT_NAME = "Trivia App";
				SWIFT_VERSION = 5.0;
				TARGETED_DEVICE_FAMILY = 1;
			};
			name = Release;
		};
/* End XCBuildConfiguration section */

/* Begin XCConfigurationList section */
		AC3A38932525FF3500995268 /* Build configuration list for PBXProject "Trivia" */ = {
			isa = XCConfigurationList;
			buildConfigurations = (
				AC3A38AD2525FF4000995268 /* Debug */,
				AC3A38AE2525FF4000995268 /* Release */,
			);
			defaultConfigurationIsVisible = 0;
			defaultConfigurationName = Release;
		};
		AC3A38AF2525FF4000995268 /* Build configuration list for PBXNativeTarget "Trivia" */ = {
			isa = XCConfigurationList;
			buildConfigurations = (
				AC3A38B02525FF4000995268 /* Debug */,
				AC3A38B12525FF4000995268 /* Release */,
			);
			defaultConfigurationIsVisible = 0;
			defaultConfigurationName = Release;
		};
/* End XCConfigurationList section */

/* Begin XCVersionGroup section */
		AC3A38A42525FF3600995268 /* Trivia.xcdatamodeld */ = {
			isa = XCVersionGroup;
			children = (
				AC3A38A52525FF3600995268 /* Trivia.xcdatamodel */,
			);
			currentVersion = AC3A38A52525FF3600995268 /* Trivia.xcdatamodel */;
			path = Trivia.xcdatamodeld;
			sourceTree = "<group>";
			versionGroupType = wrapper.xcdatamodel;
		};
/* End XCVersionGroup section */
	};
	rootObject = AC3A38902525FF3500995268 /* Project object */;
}
